
Microsoft Visual Studio Solution File, Format Version 12.00
# Visual Studio Version 16
VisualStudioVersion = 16.0.31321.278
MinimumVisualStudioVersion = 10.0.40219.1
Project("{9A19103F-16F7-4668-BE54-9A1E7A4F7556}") = "Social_Network_Connectivity", "Social_Network_Connectivity.csproj", "{9968DECB-AB8F-4BB3-AB99-8A3B6841087B}"
EndProject
Global
	GlobalSection(SolutionConfigurationPlatforms) = preSolution
		Debug|Any CPU = Debug|Any CPU
		Release|Any CPU = Release|Any CPU
	EndGlobalSection
	GlobalSection(ProjectConfigurationPlatforms) = postSolution
		{9968DECB-AB8F-4BB3-AB99-8A3B6841087B}.Debug|Any CPU.ActiveCfg = Debug|Any CPU
		{9968DECB-AB8F-4BB3-AB99-8A3B6841087B}.Debug|Any CPU.Build.0 = Debug|Any CPU
		{9968DECB-AB8F-4BB3-AB99-8A3B6841087B}.Release|Any CPU.ActiveCfg = Release|Any CPU
		{9968DECB-AB8F-4BB3-AB99-8A3B6841087B}.Release|Any CPU.Build.0 = Release|Any CPU
	EndGlobalSection
	GlobalSection(SolutionProperties) = preSolution
		HideSolutionNode = FALSE
	EndGlobalSection
	GlobalSection(ExtensibilityGlobals) = postSolution
		SolutionGuid = {8C4ECB31-AF62-4CE0-8053-C8266D734C39}
	EndGlobalSection
EndGlobal
