
Microsoft Visual Studio Solution File, Format Version 12.00
# Visual Studio Version 16
VisualStudioVersion = 16.0.31321.278
MinimumVisualStudioVersion = 10.0.40219.1
Project("{9A19103F-16F7-4668-BE54-9A1E7A4F7556}") = "Percolation", "Percolation.csproj", "{E10DF499-2842-4638-A9CF-5850951CCDC4}"
EndProject
Global
	GlobalSection(SolutionConfigurationPlatforms) = preSolution
		Debug|Any CPU = Debug|Any CPU
		Release|Any CPU = Release|Any CPU
	EndGlobalSection
	GlobalSection(ProjectConfigurationPlatforms) = postSolution
		{E10DF499-2842-4638-A9CF-5850951CCDC4}.Debug|Any CPU.ActiveCfg = Debug|Any CPU
		{E10DF499-2842-4638-A9CF-5850951CCDC4}.Debug|Any CPU.Build.0 = Debug|Any CPU
		{E10DF499-2842-4638-A9CF-5850951CCDC4}.Release|Any CPU.ActiveCfg = Release|Any CPU
		{E10DF499-2842-4638-A9CF-5850951CCDC4}.Release|Any CPU.Build.0 = Release|Any CPU
	EndGlobalSection
	GlobalSection(SolutionProperties) = preSolution
		HideSolutionNode = FALSE
	EndGlobalSection
	GlobalSection(ExtensibilityGlobals) = postSolution
		SolutionGuid = {6E3B69BC-6DA9-4D2D-9AD7-7110C72F8EF0}
	EndGlobalSection
EndGlobal
